# This file is automatically @generated by Cargo.
# It is not intended for manual editing.
version = 4

[[package]]
name = "stakenet-cli"
version = "0.1.0"

[[package]]
name = "stakenet-simulator-db"
version = "0.1.0"

[[patch.unused]]
name = "curve25519-dalek"
version = "3.2.1"
source = "git+https://github.com/solana-labs/curve25519-dalek.git?rev=b500cdc2a920cd5bff9e2dd974d7b97349d61464#b500cdc2a920cd5bff9e2dd974d7b97349d61464"
